// !$*UTF8*$!
{
	archiveVersion = 1;
	classes = {
	};
	objectVersion = 46;
	objects = {

/* Begin PBXBuildFile section */
		150DF0B11B91746400080B91 /* MenuSettingsModeContentView.swift in Sources */ = {isa = PBXBuildFile; fileRef = 150DF0B01B91746400080B91 /* MenuSettingsModeContentView.swift */; };
		150DF0B31B91747400080B91 /* MenuSettingsModeContentView.xib in Resources */ = {isa = PBXBuildFile; fileRef = 150DF0B21B91747400080B91 /* MenuSettingsModeContentView.xib */; };
		150DF0BA1B917F2600080B91 /* MenuSettingsControlView.swift in Sources */ = {isa = PBXBuildFile; fileRef = 150DF0B81B917F2600080B91 /* MenuSettingsControlView.swift */; };
		150DF0BB1B917F2600080B91 /* MenuSettingsControlView.xib in Resources */ = {isa = PBXBuildFile; fileRef = 150DF0B91B917F2600080B91 /* MenuSettingsControlView.xib */; };
		150DF0BE1B917F6100080B91 /* MenuContentView.swift in Sources */ = {isa = PBXBuildFile; fileRef = 150DF0BC1B917F6100080B91 /* MenuContentView.swift */; };
		150DF0BF1B917F6100080B91 /* MenuScrollView.swift in Sources */ = {isa = PBXBuildFile; fileRef = 150DF0BD1B917F6100080B91 /* MenuScrollView.swift */; };
		150DF0C11B9181C300080B91 /* MenuSlider.swift in Sources */ = {isa = PBXBuildFile; fileRef = 150DF0C01B9181C300080B91 /* MenuSlider.swift */; };
		151541791B8057AC00071650 /* AppDelegate.swift in Sources */ = {isa = PBXBuildFile; fileRef = 151541781B8057AC00071650 /* AppDelegate.swift */; };
		151541831B8057AC00071650 /* LaunchScreen.xib in Resources */ = {isa = PBXBuildFile; fileRef = 151541811B8057AC00071650 /* LaunchScreen.xib */; };
		1515418F1B8057AC00071650 /* Hanoi_swiftTests.swift in Sources */ = {isa = PBXBuildFile; fileRef = 1515418E1B8057AC00071650 /* Hanoi_swiftTests.swift */; };
		151541A51B805E2E00071650 /* GameViewController.swift in Sources */ = {isa = PBXBuildFile; fileRef = 151541A11B805E2E00071650 /* GameViewController.swift */; };
		151541A61B805E2E00071650 /* MenuViewController.swift in Sources */ = {isa = PBXBuildFile; fileRef = 151541A21B805E2E00071650 /* MenuViewController.swift */; };
		151541A81B805E5900071650 /* GameLogic.swift in Sources */ = {isa = PBXBuildFile; fileRef = 151541A71B805E5900071650 /* GameLogic.swift */; };
		151541AA1B8130A600071650 /* GameSceneView.swift in Sources */ = {isa = PBXBuildFile; fileRef = 151541A91B8130A600071650 /* GameSceneView.swift */; };
		151541AC1B8130BA00071650 /* GameSceneView.xib in Resources */ = {isa = PBXBuildFile; fileRef = 151541AB1B8130BA00071650 /* GameSceneView.xib */; };
		151541B11B81872900071650 /* PoleView.swift in Sources */ = {isa = PBXBuildFile; fileRef = 151541B01B81872900071650 /* PoleView.swift */; };
		151541B31B81875700071650 /* PoleView.xib in Resources */ = {isa = PBXBuildFile; fileRef = 151541B21B81875700071650 /* PoleView.xib */; };
		151541B81B8402BC00071650 /* Extensions.swift in Sources */ = {isa = PBXBuildFile; fileRef = 151541B71B8402BC00071650 /* Extensions.swift */; };
		151541BC1B84368100071650 /* DiskView.swift in Sources */ = {isa = PBXBuildFile; fileRef = 151541BB1B84368100071650 /* DiskView.swift */; };
		151541BE1B84368C00071650 /* DiskView.xib in Resources */ = {isa = PBXBuildFile; fileRef = 151541BD1B84368C00071650 /* DiskView.xib */; };
		151541C01B8441A800071650 /* Constants.swift in Sources */ = {isa = PBXBuildFile; fileRef = 151541BF1B8441A800071650 /* Constants.swift */; };
		151541C81B851C8000071650 /* ControlPanelView.xib in Resources */ = {isa = PBXBuildFile; fileRef = 151541C71B851C8000071650 /* ControlPanelView.xib */; };
		151541CA1B851C9500071650 /* ControlPanelView.swift in Sources */ = {isa = PBXBuildFile; fileRef = 151541C91B851C9500071650 /* ControlPanelView.swift */; };
		151541CC1B85A22100071650 /* RippleTransitionAnimator.swift in Sources */ = {isa = PBXBuildFile; fileRef = 151541CB1B85A22100071650 /* RippleTransitionAnimator.swift */; };
		151541CE1B85A39000071650 /* ViewControllerProtocol.swift in Sources */ = {isa = PBXBuildFile; fileRef = 151541CD1B85A39000071650 /* ViewControllerProtocol.swift */; };
		151541D01B85A47900071650 /* MenuView.xib in Resources */ = {isa = PBXBuildFile; fileRef = 151541CF1B85A47900071650 /* MenuView.xib */; };
		151541D21B85A48700071650 /* MenuView.swift in Sources */ = {isa = PBXBuildFile; fileRef = 151541D11B85A48700071650 /* MenuView.swift */; };
		151541D41B867EF200071650 /* Todo in Resources */ = {isa = PBXBuildFile; fileRef = 151541D31B867EF200071650 /* Todo */; };
		151541D81B86904D00071650 /* Disk.swift in Sources */ = {isa = PBXBuildFile; fileRef = 151541D71B86904D00071650 /* Disk.swift */; };
		151541DA1B89A15100071650 /* NotificationManager.swift in Sources */ = {isa = PBXBuildFile; fileRef = 151541D91B89A15100071650 /* NotificationManager.swift */; };
		151541DD1B8AF38000071650 /* Images.xcassets in Resources */ = {isa = PBXBuildFile; fileRef = 151541DC1B8AF38000071650 /* Images.xcassets */; };
		151541DF1B8AF3A800071650 /* Lucida Handwriting Italic.ttf in Resources */ = {isa = PBXBuildFile; fileRef = 151541DE1B8AF3A800071650 /* Lucida Handwriting Italic.ttf */; };
		151541E41B8B088B00071650 /* ConfirmableButton.swift in Sources */ = {isa = PBXBuildFile; fileRef = 151541E31B8B088B00071650 /* ConfirmableButton.swift */; };
		151541E61B8BA58400071650 /* Ayuthaya.ttf in Resources */ = {isa = PBXBuildFile; fileRef = 151541E51B8BA58400071650 /* Ayuthaya.ttf */; };
		151541E81B8BB50900071650 /* MenuButton.swift in Sources */ = {isa = PBXBuildFile; fileRef = 151541E71B8BB50900071650 /* MenuButton.swift */; };
		151541ED1B8C1EB300071650 /* MenuInitialViewController.swift in Sources */ = {isa = PBXBuildFile; fileRef = 151541EC1B8C1EB300071650 /* MenuInitialViewController.swift */; };
		151541EF1B8C1EC300071650 /* MenuPausedViewController.swift in Sources */ = {isa = PBXBuildFile; fileRef = 151541EE1B8C1EC300071650 /* MenuPausedViewController.swift */; };
		151541F11B8C1EDC00071650 /* MenuSettingsViewController.swift in Sources */ = {isa = PBXBuildFile; fileRef = 151541F01B8C1EDC00071650 /* MenuSettingsViewController.swift */; };
		151541F31B8C210C00071650 /* MenuResultViewController.swift in Sources */ = {isa = PBXBuildFile; fileRef = 151541F21B8C210C00071650 /* MenuResultViewController.swift */; };
		151541F91B8C30E400071650 /* MenuBaseViewController.swift in Sources */ = {isa = PBXBuildFile; fileRef = 151541F81B8C30E400071650 /* MenuBaseViewController.swift */; };
		151541FB1B8C428200071650 /* BaseButton.swift in Sources */ = {isa = PBXBuildFile; fileRef = 151541FA1B8C428200071650 /* BaseButton.swift */; };
/* End PBXBuildFile section */

/* Begin PBXContainerItemProxy section */
		151541891B8057AC00071650 /* PBXContainerItemProxy */ = {
			isa = PBXContainerItemProxy;
			containerPortal = 1515416B1B8057AC00071650 /* Project object */;
			proxyType = 1;
			remoteGlobalIDString = 151541721B8057AC00071650;
			remoteInfo = "Hanoi-swift";
		};
/* End PBXContainerItemProxy section */

/* Begin PBXFileReference section */
		150DF0B01B91746400080B91 /* MenuSettingsModeContentView.swift */ = {isa = PBXFileReference; fileEncoding = 4; lastKnownFileType = sourcecode.swift; path = MenuSettingsModeContentView.swift; sourceTree = "<group>"; };
		150DF0B21B91747400080B91 /* MenuSettingsModeContentView.xib */ = {isa = PBXFileReference; fileEncoding = 4; lastKnownFileType = file.xib; path = MenuSettingsModeContentView.xib; sourceTree = "<group>"; };
		150DF0B81B917F2600080B91 /* MenuSettingsControlView.swift */ = {isa = PBXFileReference; fileEncoding = 4; lastKnownFileType = sourcecode.swift; path = MenuSettingsControlView.swift; sourceTree = "<group>"; };
		150DF0B91B917F2600080B91 /* MenuSettingsControlView.xib */ = {isa = PBXFileReference; fileEncoding = 4; lastKnownFileType = file.xib; path = MenuSettingsControlView.xib; sourceTree = "<group>"; };
		150DF0BC1B917F6100080B91 /* MenuContentView.swift */ = {isa = PBXFileReference; fileEncoding = 4; lastKnownFileType = sourcecode.swift; path = MenuContentView.swift; sourceTree = "<group>"; };
		150DF0BD1B917F6100080B91 /* MenuScrollView.swift */ = {isa = PBXFileReference; fileEncoding = 4; lastKnownFileType = sourcecode.swift; path = MenuScrollView.swift; sourceTree = "<group>"; };
		150DF0C01B9181C300080B91 /* MenuSlider.swift */ = {isa = PBXFileReference; fileEncoding = 4; lastKnownFileType = sourcecode.swift; path = MenuSlider.swift; sourceTree = "<group>"; };
		151541731B8057AC00071650 /* Hanoi-swift.app */ = {isa = PBXFileReference; explicitFileType = wrapper.application; includeInIndex = 0; path = "Hanoi-swift.app"; sourceTree = BUILT_PRODUCTS_DIR; };
		151541771B8057AC00071650 /* Info.plist */ = {isa = PBXFileReference; lastKnownFileType = text.plist.xml; path = Info.plist; sourceTree = "<group>"; };
		151541781B8057AC00071650 /* AppDelegate.swift */ = {isa = PBXFileReference; lastKnownFileType = sourcecode.swift; path = AppDelegate.swift; sourceTree = "<group>"; };
		151541821B8057AC00071650 /* Base */ = {isa = PBXFileReference; lastKnownFileType = file.xib; name = Base; path = Base.lproj/LaunchScreen.xib; sourceTree = "<group>"; };
		151541881B8057AC00071650 /* Hanoi-swiftTests.xctest */ = {isa = PBXFileReference; explicitFileType = wrapper.cfbundle; includeInIndex = 0; path = "Hanoi-swiftTests.xctest"; sourceTree = BUILT_PRODUCTS_DIR; };
		1515418D1B8057AC00071650 /* Info.plist */ = {isa = PBXFileReference; lastKnownFileType = text.plist.xml; path = Info.plist; sourceTree = "<group>"; };
		1515418E1B8057AC00071650 /* Hanoi_swiftTests.swift */ = {isa = PBXFileReference; lastKnownFileType = sourcecode.swift; path = Hanoi_swiftTests.swift; sourceTree = "<group>"; };
		151541A11B805E2E00071650 /* GameViewController.swift */ = {isa = PBXFileReference; fileEncoding = 4; lastKnownFileType = sourcecode.swift; path = GameViewController.swift; sourceTree = "<group>"; };
		151541A21B805E2E00071650 /* MenuViewController.swift */ = {isa = PBXFileReference; fileEncoding = 4; lastKnownFileType = sourcecode.swift; path = MenuViewController.swift; sourceTree = "<group>"; };
		151541A71B805E5900071650 /* GameLogic.swift */ = {isa = PBXFileReference; fileEncoding = 4; lastKnownFileType = sourcecode.swift; path = GameLogic.swift; sourceTree = "<group>"; };
		151541A91B8130A600071650 /* GameSceneView.swift */ = {isa = PBXFileReference; fileEncoding = 4; lastKnownFileType = sourcecode.swift; path = GameSceneView.swift; sourceTree = "<group>"; };
		151541AB1B8130BA00071650 /* GameSceneView.xib */ = {isa = PBXFileReference; fileEncoding = 4; lastKnownFileType = file.xib; path = GameSceneView.xib; sourceTree = "<group>"; };
		151541B01B81872900071650 /* PoleView.swift */ = {isa = PBXFileReference; fileEncoding = 4; lastKnownFileType = sourcecode.swift; path = PoleView.swift; sourceTree = "<group>"; };
		151541B21B81875700071650 /* PoleView.xib */ = {isa = PBXFileReference; fileEncoding = 4; lastKnownFileType = file.xib; path = PoleView.xib; sourceTree = "<group>"; };
		151541B71B8402BC00071650 /* Extensions.swift */ = {isa = PBXFileReference; fileEncoding = 4; lastKnownFileType = sourcecode.swift; name = Extensions.swift; path = Extensions/Extensions.swift; sourceTree = "<group>"; };
		151541BB1B84368100071650 /* DiskView.swift */ = {isa = PBXFileReference; fileEncoding = 4; lastKnownFileType = sourcecode.swift; path = DiskView.swift; sourceTree = "<group>"; };
		151541BD1B84368C00071650 /* DiskView.xib */ = {isa = PBXFileReference; fileEncoding = 4; lastKnownFileType = file.xib; path = DiskView.xib; sourceTree = "<group>"; };
		151541BF1B8441A800071650 /* Constants.swift */ = {isa = PBXFileReference; fileEncoding = 4; lastKnownFileType = sourcecode.swift; path = Constants.swift; sourceTree = "<group>"; };
		151541C71B851C8000071650 /* ControlPanelView.xib */ = {isa = PBXFileReference; fileEncoding = 4; lastKnownFileType = file.xib; path = ControlPanelView.xib; sourceTree = "<group>"; };
		151541C91B851C9500071650 /* ControlPanelView.swift */ = {isa = PBXFileReference; fileEncoding = 4; lastKnownFileType = sourcecode.swift; path = ControlPanelView.swift; sourceTree = "<group>"; };
		151541CB1B85A22100071650 /* RippleTransitionAnimator.swift */ = {isa = PBXFileReference; fileEncoding = 4; lastKnownFileType = sourcecode.swift; path = RippleTransitionAnimator.swift; sourceTree = "<group>"; };
		151541CD1B85A39000071650 /* ViewControllerProtocol.swift */ = {isa = PBXFileReference; fileEncoding = 4; lastKnownFileType = sourcecode.swift; path = ViewControllerProtocol.swift; sourceTree = "<group>"; };
		151541CF1B85A47900071650 /* MenuView.xib */ = {isa = PBXFileReference; fileEncoding = 4; lastKnownFileType = file.xib; path = MenuView.xib; sourceTree = "<group>"; };
		151541D11B85A48700071650 /* MenuView.swift */ = {isa = PBXFileReference; fileEncoding = 4; lastKnownFileType = sourcecode.swift; path = MenuView.swift; sourceTree = "<group>"; };
		151541D31B867EF200071650 /* Todo */ = {isa = PBXFileReference; fileEncoding = 4; lastKnownFileType = text; path = Todo; sourceTree = "<group>"; };
		151541D71B86904D00071650 /* Disk.swift */ = {isa = PBXFileReference; fileEncoding = 4; lastKnownFileType = sourcecode.swift; path = Disk.swift; sourceTree = "<group>"; };
		151541D91B89A15100071650 /* NotificationManager.swift */ = {isa = PBXFileReference; fileEncoding = 4; lastKnownFileType = sourcecode.swift; path = NotificationManager.swift; sourceTree = "<group>"; };
		151541DC1B8AF38000071650 /* Images.xcassets */ = {isa = PBXFileReference; lastKnownFileType = folder.assetcatalog; path = Images.xcassets; sourceTree = "<group>"; };
		151541DE1B8AF3A800071650 /* Lucida Handwriting Italic.ttf */ = {isa = PBXFileReference; lastKnownFileType = file; path = "Lucida Handwriting Italic.ttf"; sourceTree = "<group>"; };
		151541E31B8B088B00071650 /* ConfirmableButton.swift */ = {isa = PBXFileReference; fileEncoding = 4; lastKnownFileType = sourcecode.swift; path = ConfirmableButton.swift; sourceTree = "<group>"; };
		151541E51B8BA58400071650 /* Ayuthaya.ttf */ = {isa = PBXFileReference; lastKnownFileType = file; path = Ayuthaya.ttf; sourceTree = "<group>"; };
		151541E71B8BB50900071650 /* MenuButton.swift */ = {isa = PBXFileReference; fileEncoding = 4; lastKnownFileType = sourcecode.swift; path = MenuButton.swift; sourceTree = "<group>"; };
		151541EC1B8C1EB300071650 /* MenuInitialViewController.swift */ = {isa = PBXFileReference; fileEncoding = 4; lastKnownFileType = sourcecode.swift; path = MenuInitialViewController.swift; sourceTree = "<group>"; };
		151541EE1B8C1EC300071650 /* MenuPausedViewController.swift */ = {isa = PBXFileReference; fileEncoding = 4; lastKnownFileType = sourcecode.swift; path = MenuPausedViewController.swift; sourceTree = "<group>"; };
		151541F01B8C1EDC00071650 /* MenuSettingsViewController.swift */ = {isa = PBXFileReference; fileEncoding = 4; lastKnownFileType = sourcecode.swift; path = MenuSettingsViewController.swift; sourceTree = "<group>"; };
		151541F21B8C210C00071650 /* MenuResultViewController.swift */ = {isa = PBXFileReference; fileEncoding = 4; lastKnownFileType = sourcecode.swift; path = MenuResultViewController.swift; sourceTree = "<group>"; };
		151541F81B8C30E400071650 /* MenuBaseViewController.swift */ = {isa = PBXFileReference; fileEncoding = 4; lastKnownFileType = sourcecode.swift; path = MenuBaseViewController.swift; sourceTree = "<group>"; };
		151541FA1B8C428200071650 /* BaseButton.swift */ = {isa = PBXFileReference; fileEncoding = 4; lastKnownFileType = sourcecode.swift; path = BaseButton.swift; sourceTree = "<group>"; };
/* End PBXFileReference section */

/* Begin PBXFrameworksBuildPhase section */
		151541701B8057AC00071650 /* Frameworks */ = {
			isa = PBXFrameworksBuildPhase;
			buildActionMask = 2147483647;
			files = (
			);
			runOnlyForDeploymentPostprocessing = 0;
		};
		151541851B8057AC00071650 /* Frameworks */ = {
			isa = PBXFrameworksBuildPhase;
			buildActionMask = 2147483647;
			files = (
			);
			runOnlyForDeploymentPostprocessing = 0;
		};
/* End PBXFrameworksBuildPhase section */

/* Begin PBXGroup section */
		1515416A1B8057AC00071650 = {
			isa = PBXGroup;
			children = (
				151541751B8057AC00071650 /* Hanoi-swift */,
				1515418B1B8057AC00071650 /* Hanoi-swiftTests */,
				151541741B8057AC00071650 /* Products */,
			);
			sourceTree = "<group>";
		};
		151541741B8057AC00071650 /* Products */ = {
			isa = PBXGroup;
			children = (
				151541731B8057AC00071650 /* Hanoi-swift.app */,
				151541881B8057AC00071650 /* Hanoi-swiftTests.xctest */,
			);
			name = Products;
			sourceTree = "<group>";
		};
		151541751B8057AC00071650 /* Hanoi-swift */ = {
			isa = PBXGroup;
			children = (
				151541A01B805E2E00071650 /* Controllers */,
				151541A31B805E2E00071650 /* Models */,
				151541A41B805E2E00071650 /* Views */,
				151541781B8057AC00071650 /* AppDelegate.swift */,
				151541B71B8402BC00071650 /* Extensions.swift */,
				151541BF1B8441A800071650 /* Constants.swift */,
				151541811B8057AC00071650 /* LaunchScreen.xib */,
				151541DB1B8AF38000071650 /* Resources */,
				151541761B8057AC00071650 /* Supporting Files */,
			);
			path = "Hanoi-swift";
			sourceTree = "<group>";
		};
		151541761B8057AC00071650 /* Supporting Files */ = {
			isa = PBXGroup;
			children = (
				151541771B8057AC00071650 /* Info.plist */,
				151541D31B867EF200071650 /* Todo */,
			);
			name = "Supporting Files";
			sourceTree = "<group>";
		};
		1515418B1B8057AC00071650 /* Hanoi-swiftTests */ = {
			isa = PBXGroup;
			children = (
				1515418E1B8057AC00071650 /* Hanoi_swiftTests.swift */,
				1515418C1B8057AC00071650 /* Supporting Files */,
			);
			path = "Hanoi-swiftTests";
			sourceTree = "<group>";
		};
		1515418C1B8057AC00071650 /* Supporting Files */ = {
			isa = PBXGroup;
			children = (
				1515418D1B8057AC00071650 /* Info.plist */,
			);
			name = "Supporting Files";
			sourceTree = "<group>";
		};
		151541A01B805E2E00071650 /* Controllers */ = {
			isa = PBXGroup;
			children = (
				151541A11B805E2E00071650 /* GameViewController.swift */,
				151541A21B805E2E00071650 /* MenuViewController.swift */,
				151541CB1B85A22100071650 /* RippleTransitionAnimator.swift */,
				151541CD1B85A39000071650 /* ViewControllerProtocol.swift */,
				151541EB1B8C1E8A00071650 /* MenuPages */,
			);
			path = Controllers;
			sourceTree = "<group>";
		};
		151541A31B805E2E00071650 /* Models */ = {
			isa = PBXGroup;
			children = (
				151541A71B805E5900071650 /* GameLogic.swift */,
				151541D71B86904D00071650 /* Disk.swift */,
				151541D91B89A15100071650 /* NotificationManager.swift */,
			);
			path = Models;
			sourceTree = "<group>";
		};
		151541A41B805E2E00071650 /* Views */ = {
			isa = PBXGroup;
			children = (
				151541A91B8130A600071650 /* GameSceneView.swift */,
				151541AB1B8130BA00071650 /* GameSceneView.xib */,
				151541B01B81872900071650 /* PoleView.swift */,
				151541B21B81875700071650 /* PoleView.xib */,
				151541BB1B84368100071650 /* DiskView.swift */,
				151541BD1B84368C00071650 /* DiskView.xib */,
				151541C91B851C9500071650 /* ControlPanelView.swift */,
				151541C71B851C8000071650 /* ControlPanelView.xib */,
				151541D11B85A48700071650 /* MenuView.swift */,
				151541CF1B85A47900071650 /* MenuView.xib */,
				150DF0B81B917F2600080B91 /* MenuSettingsControlView.swift */,
				150DF0B91B917F2600080B91 /* MenuSettingsControlView.xib */,
				150DF0B01B91746400080B91 /* MenuSettingsModeContentView.swift */,
				150DF0B21B91747400080B91 /* MenuSettingsModeContentView.xib */,
				151541E01B8B083F00071650 /* UIControls */,
			);
			path = Views;
			sourceTree = "<group>";
		};
		151541DB1B8AF38000071650 /* Resources */ = {
			isa = PBXGroup;
			children = (
				151541DE1B8AF3A800071650 /* Lucida Handwriting Italic.ttf */,
				151541E51B8BA58400071650 /* Ayuthaya.ttf */,
				151541DC1B8AF38000071650 /* Images.xcassets */,
			);
			path = Resources;
			sourceTree = "<group>";
		};
		151541E01B8B083F00071650 /* UIControls */ = {
			isa = PBXGroup;
			children = (
				151541E31B8B088B00071650 /* ConfirmableButton.swift */,
				151541E71B8BB50900071650 /* MenuButton.swift */,
				151541FA1B8C428200071650 /* BaseButton.swift */,
				150DF0BC1B917F6100080B91 /* MenuContentView.swift */,
				150DF0BD1B917F6100080B91 /* MenuScrollView.swift */,
				150DF0C01B9181C300080B91 /* MenuSlider.swift */,
			);
			path = UIControls;
			sourceTree = "<group>";
		};
		151541EB1B8C1E8A00071650 /* MenuPages */ = {
			isa = PBXGroup;
			children = (
				151541EC1B8C1EB300071650 /* MenuInitialViewController.swift */,
				151541F01B8C1EDC00071650 /* MenuSettingsViewController.swift */,
				151541EE1B8C1EC300071650 /* MenuPausedViewController.swift */,
				151541F21B8C210C00071650 /* MenuResultViewController.swift */,
				151541F81B8C30E400071650 /* MenuBaseViewController.swift */,
			);
			path = MenuPages;
			sourceTree = "<group>";
		};
/* End PBXGroup section */

/* Begin PBXNativeTarget section */
		151541721B8057AC00071650 /* Hanoi-swift */ = {
			isa = PBXNativeTarget;
			buildConfigurationList = 151541921B8057AC00071650 /* Build configuration list for PBXNativeTarget "Hanoi-swift" */;
			buildPhases = (
				1515416F1B8057AC00071650 /* Sources */,
				151541701B8057AC00071650 /* Frameworks */,
				151541711B8057AC00071650 /* Resources */,
			);
			buildRules = (
			);
			dependencies = (
			);
			name = "Hanoi-swift";
			productName = "Hanoi-swift";
			productReference = 151541731B8057AC00071650 /* Hanoi-swift.app */;
			productType = "com.apple.product-type.application";
		};
		151541871B8057AC00071650 /* Hanoi-swiftTests */ = {
			isa = PBXNativeTarget;
			buildConfigurationList = 151541951B8057AC00071650 /* Build configuration list for PBXNativeTarget "Hanoi-swiftTests" */;
			buildPhases = (
				151541841B8057AC00071650 /* Sources */,
				151541851B8057AC00071650 /* Frameworks */,
				151541861B8057AC00071650 /* Resources */,
			);
			buildRules = (
			);
			dependencies = (
				1515418A1B8057AC00071650 /* PBXTargetDependency */,
			);
			name = "Hanoi-swiftTests";
			productName = "Hanoi-swiftTests";
			productReference = 151541881B8057AC00071650 /* Hanoi-swiftTests.xctest */;
			productType = "com.apple.product-type.bundle.unit-test";
		};
/* End PBXNativeTarget section */

/* Begin PBXProject section */
		1515416B1B8057AC00071650 /* Project object */ = {
			isa = PBXProject;
			attributes = {
				LastUpgradeCheck = 0640;
				ORGANIZATIONNAME = "Frank Li";
				TargetAttributes = {
					151541721B8057AC00071650 = {
						CreatedOnToolsVersion = 6.4;
						DevelopmentTeam = Q4U75G4JJ6;
					};
					151541871B8057AC00071650 = {
						CreatedOnToolsVersion = 6.4;
						TestTargetID = 151541721B8057AC00071650;
					};
				};
			};
			buildConfigurationList = 1515416E1B8057AC00071650 /* Build configuration list for PBXProject "Hanoi-swift" */;
			compatibilityVersion = "Xcode 3.2";
			developmentRegion = English;
			hasScannedForEncodings = 0;
			knownRegions = (
				en,
				Base,
			);
			mainGroup = 1515416A1B8057AC00071650;
			productRefGroup = 151541741B8057AC00071650 /* Products */;
			projectDirPath = "";
			projectRoot = "";
			targets = (
				151541721B8057AC00071650 /* Hanoi-swift */,
				151541871B8057AC00071650 /* Hanoi-swiftTests */,
			);
		};
/* End PBXProject section */

/* Begin PBXResourcesBuildPhase section */
		151541711B8057AC00071650 /* Resources */ = {
			isa = PBXResourcesBuildPhase;
			buildActionMask = 2147483647;
			files = (
				151541BE1B84368C00071650 /* DiskView.xib in Resources */,
				151541DD1B8AF38000071650 /* Images.xcassets in Resources */,
				151541E61B8BA58400071650 /* Ayuthaya.ttf in Resources */,
				151541B31B81875700071650 /* PoleView.xib in Resources */,
				150DF0B31B91747400080B91 /* MenuSettingsModeContentView.xib in Resources */,
				151541D41B867EF200071650 /* Todo in Resources */,
				151541D01B85A47900071650 /* MenuView.xib in Resources */,
				151541AC1B8130BA00071650 /* GameSceneView.xib in Resources */,
				151541DF1B8AF3A800071650 /* Lucida Handwriting Italic.ttf in Resources */,
				151541C81B851C8000071650 /* ControlPanelView.xib in Resources */,
				150DF0BB1B917F2600080B91 /* MenuSettingsControlView.xib in Resources */,
				151541831B8057AC00071650 /* LaunchScreen.xib in Resources */,
			);
			runOnlyForDeploymentPostprocessing = 0;
		};
		151541861B8057AC00071650 /* Resources */ = {
			isa = PBXResourcesBuildPhase;
			buildActionMask = 2147483647;
			files = (
			);
			runOnlyForDeploymentPostprocessing = 0;
		};
/* End PBXResourcesBuildPhase section */

/* Begin PBXSourcesBuildPhase section */
		1515416F1B8057AC00071650 /* Sources */ = {
			isa = PBXSourcesBuildPhase;
			buildActionMask = 2147483647;
			files = (
				151541E41B8B088B00071650 /* ConfirmableButton.swift in Sources */,
				151541CE1B85A39000071650 /* ViewControllerProtocol.swift in Sources */,
				150DF0BE1B917F6100080B91 /* MenuContentView.swift in Sources */,
				151541B81B8402BC00071650 /* Extensions.swift in Sources */,
				150DF0B11B91746400080B91 /* MenuSettingsModeContentView.swift in Sources */,
				150DF0BA1B917F2600080B91 /* MenuSettingsControlView.swift in Sources */,
				151541EF1B8C1EC300071650 /* MenuPausedViewController.swift in Sources */,
				151541F11B8C1EDC00071650 /* MenuSettingsViewController.swift in Sources */,
				151541A51B805E2E00071650 /* GameViewController.swift in Sources */,
				151541F31B8C210C00071650 /* MenuResultViewController.swift in Sources */,
				150DF0BF1B917F6100080B91 /* MenuScrollView.swift in Sources */,
				151541A61B805E2E00071650 /* MenuViewController.swift in Sources */,
				151541CC1B85A22100071650 /* RippleTransitionAnimator.swift in Sources */,
				151541CA1B851C9500071650 /* ControlPanelView.swift in Sources */,
				151541FB1B8C428200071650 /* BaseButton.swift in Sources */,
				150DF0C11B9181C300080B91 /* MenuSlider.swift in Sources */,
				151541D81B86904D00071650 /* Disk.swift in Sources */,
				151541B11B81872900071650 /* PoleView.swift in Sources */,
				151541E81B8BB50900071650 /* MenuButton.swift in Sources */,
				151541D21B85A48700071650 /* MenuView.swift in Sources */,
				151541F91B8C30E400071650 /* MenuBaseViewController.swift in Sources */,
				151541AA1B8130A600071650 /* GameSceneView.swift in Sources */,
				151541A81B805E5900071650 /* GameLogic.swift in Sources */,
				151541791B8057AC00071650 /* AppDelegate.swift in Sources */,
				151541ED1B8C1EB300071650 /* MenuInitialViewController.swift in Sources */,
				151541DA1B89A15100071650 /* NotificationManager.swift in Sources */,
				151541BC1B84368100071650 /* DiskView.swift in Sources */,
				151541C01B8441A800071650 /* Constants.swift in Sources */,
			);
			runOnlyForDeploymentPostprocessing = 0;
		};
		151541841B8057AC00071650 /* Sources */ = {
			isa = PBXSourcesBuildPhase;
			buildActionMask = 2147483647;
			files = (
				1515418F1B8057AC00071650 /* Hanoi_swiftTests.swift in Sources */,
			);
			runOnlyForDeploymentPostprocessing = 0;
		};
/* End PBXSourcesBuildPhase section */

/* Begin PBXTargetDependency section */
		1515418A1B8057AC00071650 /* PBXTargetDependency */ = {
			isa = PBXTargetDependency;
			target = 151541721B8057AC00071650 /* Hanoi-swift */;
			targetProxy = 151541891B8057AC00071650 /* PBXContainerItemProxy */;
		};
/* End PBXTargetDependency section */

/* Begin PBXVariantGroup section */
		151541811B8057AC00071650 /* LaunchScreen.xib */ = {
			isa = PBXVariantGroup;
			children = (
				151541821B8057AC00071650 /* Base */,
			);
			name = LaunchScreen.xib;
			sourceTree = "<group>";
		};
/* End PBXVariantGroup section */

/* Begin XCBuildConfiguration section */
		151541901B8057AC00071650 /* Debug */ = {
			isa = XCBuildConfiguration;
			buildSettings = {
				ALWAYS_SEARCH_USER_PATHS = NO;
				CLANG_CXX_LANGUAGE_STANDARD = "gnu++0x";
				CLANG_CXX_LIBRARY = "libc++";
				CLANG_ENABLE_MODULES = YES;
				CLANG_ENABLE_OBJC_ARC = YES;
				CLANG_WARN_BOOL_CONVERSION = YES;
				CLANG_WARN_CONSTANT_CONVERSION = YES;
				CLANG_WARN_DIRECT_OBJC_ISA_USAGE = YES_ERROR;
				CLANG_WARN_EMPTY_BODY = YES;
				CLANG_WARN_ENUM_CONVERSION = YES;
				CLANG_WARN_INT_CONVERSION = YES;
				CLANG_WARN_OBJC_ROOT_CLASS = YES_ERROR;
				CLANG_WARN_UNREACHABLE_CODE = YES;
				CLANG_WARN__DUPLICATE_METHOD_MATCH = YES;
				"CODE_SIGN_IDENTITY[sdk=iphoneos*]" = "iPhone Developer";
				COPY_PHASE_STRIP = NO;
				DEBUG_INFORMATION_FORMAT = "dwarf-with-dsym";
				ENABLE_STRICT_OBJC_MSGSEND = YES;
				GCC_C_LANGUAGE_STANDARD = gnu99;
				GCC_DYNAMIC_NO_PIC = NO;
				GCC_NO_COMMON_BLOCKS = YES;
				GCC_OPTIMIZATION_LEVEL = 0;
				GCC_PREPROCESSOR_DEFINITIONS = (
					"DEBUG=1",
					"$(inherited)",
				);
				GCC_SYMBOLS_PRIVATE_EXTERN = NO;
				GCC_WARN_64_TO_32_BIT_CONVERSION = YES;
				GCC_WARN_ABOUT_RETURN_TYPE = YES_ERROR;
				GCC_WARN_UNDECLARED_SELECTOR = YES;
				GCC_WARN_UNINITIALIZED_AUTOS = YES_AGGRESSIVE;
				GCC_WARN_UNUSED_FUNCTION = YES;
				GCC_WARN_UNUSED_VARIABLE = YES;
				IPHONEOS_DEPLOYMENT_TARGET = 8.4;
				MTL_ENABLE_DEBUG_INFO = YES;
				ONLY_ACTIVE_ARCH = YES;
				SDKROOT = iphoneos;
				SWIFT_OPTIMIZATION_LEVEL = "-Onone";
				TARGETED_DEVICE_FAMILY = "1,2";
			};
			name = Debug;
		};
		151541911B8057AC00071650 /* Release */ = {
			isa = XCBuildConfiguration;
			buildSettings = {
				ALWAYS_SEARCH_USER_PATHS = NO;
				CLANG_CXX_LANGUAGE_STANDARD = "gnu++0x";
				CLANG_CXX_LIBRARY = "libc++";
				CLANG_ENABLE_MODULES = YES;
				CLANG_ENABLE_OBJC_ARC = YES;
				CLANG_WARN_BOOL_CONVERSION = YES;
				CLANG_WARN_CONSTANT_CONVERSION = YES;
				CLANG_WARN_DIRECT_OBJC_ISA_USAGE = YES_ERROR;
				CLANG_WARN_EMPTY_BODY = YES;
				CLANG_WARN_ENUM_CONVERSION = YES;
				CLANG_WARN_INT_CONVERSION = YES;
				CLANG_WARN_OBJC_ROOT_CLASS = YES_ERROR;
				CLANG_WARN_UNREACHABLE_CODE = YES;
				CLANG_WARN__DUPLICATE_METHOD_MATCH = YES;
				"CODE_SIGN_IDENTITY[sdk=iphoneos*]" = "iPhone Developer";
				COPY_PHASE_STRIP = NO;
				DEBUG_INFORMATION_FORMAT = "dwarf-with-dsym";
				ENABLE_NS_ASSERTIONS = NO;
				ENABLE_STRICT_OBJC_MSGSEND = YES;
				GCC_C_LANGUAGE_STANDARD = gnu99;
				GCC_NO_COMMON_BLOCKS = YES;
				GCC_WARN_64_TO_32_BIT_CONVERSION = YES;
				GCC_WARN_ABOUT_RETURN_TYPE = YES_ERROR;
				GCC_WARN_UNDECLARED_SELECTOR = YES;
				GCC_WARN_UNINITIALIZED_AUTOS = YES_AGGRESSIVE;
				GCC_WARN_UNUSED_FUNCTION = YES;
				GCC_WARN_UNUSED_VARIABLE = YES;
				IPHONEOS_DEPLOYMENT_TARGET = 8.4;
				MTL_ENABLE_DEBUG_INFO = NO;
				SDKROOT = iphoneos;
				TARGETED_DEVICE_FAMILY = "1,2";
				VALIDATE_PRODUCT = YES;
			};
			name = Release;
		};
		151541931B8057AC00071650 /* Debug */ = {
			isa = XCBuildConfiguration;
			buildSettings = {
				ASSETCATALOG_COMPILER_APPICON_NAME = AppIcon;
				CLANG_ENABLE_MODULES = YES;
				CODE_SIGN_IDENTITY = "iPhone Developer";
				INFOPLIST_FILE = "Hanoi-swift/Info.plist";
				LD_RUNPATH_SEARCH_PATHS = "$(inherited) @executable_path/Frameworks";
				PRODUCT_NAME = "$(TARGET_NAME)";
				SWIFT_OBJC_BRIDGING_HEADER = "";
				SWIFT_OPTIMIZATION_LEVEL = "-Onone";
				TARGETED_DEVICE_FAMILY = 1;
			};
			name = Debug;
		};
		151541941B8057AC00071650 /* Release */ = {
			isa = XCBuildConfiguration;
			buildSettings = {
				ASSETCATALOG_COMPILER_APPICON_NAME = AppIcon;
				CLANG_ENABLE_MODULES = YES;
				CODE_SIGN_IDENTITY = "iPhone Developer";
				INFOPLIST_FILE = "Hanoi-swift/Info.plist";
				LD_RUNPATH_SEARCH_PATHS = "$(inherited) @executable_path/Frameworks";
				PRODUCT_NAME = "$(TARGET_NAME)";
				SWIFT_OBJC_BRIDGING_HEADER = "";
				TARGETED_DEVICE_FAMILY = 1;
			};
			name = Release;
		};
		151541961B8057AC00071650 /* Debug */ = {
			isa = XCBuildConfiguration;
			buildSettings = {
				BUNDLE_LOADER = "$(TEST_HOST)";
				FRAMEWORK_SEARCH_PATHS = (
					"$(SDKROOT)/Developer/Library/Frameworks",
					"$(inherited)",
				);
				GCC_PREPROCESSOR_DEFINITIONS = (
					"DEBUG=1",
					"$(inherited)",
				);
				INFOPLIST_FILE = "Hanoi-swiftTests/Info.plist";
				LD_RUNPATH_SEARCH_PATHS = "$(inherited) @executable_path/Frameworks @loader_path/Frameworks";
				PRODUCT_NAME = "$(TARGET_NAME)";
				TEST_HOST = "$(BUILT_PRODUCTS_DIR)/Hanoi-swift.app/Hanoi-swift";
			};
			name = Debug;
		};
		151541971B8057AC00071650 /* Release */ = {
			isa = XCBuildConfiguration;
			buildSettings = {
				BUNDLE_LOADER = "$(TEST_HOST)";
				FRAMEWORK_SEARCH_PATHS = (
					"$(SDKROOT)/Developer/Library/Frameworks",
					"$(inherited)",
				);
				INFOPLIST_FILE = "Hanoi-swiftTests/Info.plist";
				LD_RUNPATH_SEARCH_PATHS = "$(inherited) @executable_path/Frameworks @loader_path/Frameworks";
				PRODUCT_NAME = "$(TARGET_NAME)";
				TEST_HOST = "$(BUILT_PRODUCTS_DIR)/Hanoi-swift.app/Hanoi-swift";
			};
			name = Release;
		};
/* End XCBuildConfiguration section */

/* Begin XCConfigurationList section */
		1515416E1B8057AC00071650 /* Build configuration list for PBXProject "Hanoi-swift" */ = {
			isa = XCConfigurationList;
			buildConfigurations = (
				151541901B8057AC00071650 /* Debug */,
				151541911B8057AC00071650 /* Release */,
			);
			defaultConfigurationIsVisible = 0;
			defaultConfigurationName = Release;
		};
		151541921B8057AC00071650 /* Build configuration list for PBXNativeTarget "Hanoi-swift" */ = {
			isa = XCConfigurationList;
			buildConfigurations = (
				151541931B8057AC00071650 /* Debug */,
				151541941B8057AC00071650 /* Release */,
			);
			defaultConfigurationIsVisible = 0;
			defaultConfigurationName = Release;
		};
		151541951B8057AC00071650 /* Build configuration list for PBXNativeTarget "Hanoi-swiftTests" */ = {
			isa = XCConfigurationList;
			buildConfigurations = (
				151541961B8057AC00071650 /* Debug */,
				151541971B8057AC00071650 /* Release */,
			);
			defaultConfigurationIsVisible = 0;
			defaultConfigurationName = Release;
		};
/* End XCConfigurationList section */
	};
	rootObject = 1515416B1B8057AC00071650 /* Project object */;
}
